
Microsoft Visual Studio Solution File, Format Version 12.00
# Visual Studio Version 17
VisualStudioVersion = 17.1.32210.238
MinimumVisualStudioVersion = 10.0.40219.1
Project("{FAE04EC0-301F-11D3-BF4B-00C04F79EFBC}") = "Session_05", "Session-05\Session_05.csproj", "{DE08E397-D55F-4B6C-BCD7-5CB33059FCCD}"
EndProject
Global
	GlobalSection(SolutionConfigurationPlatforms) = preSolution
		Debug|Any CPU = Debug|Any CPU
		Release|Any CPU = Release|Any CPU
	EndGlobalSection
	GlobalSection(ProjectConfigurationPlatforms) = postSolution
		{DE08E397-D55F-4B6C-BCD7-5CB33059FCCD}.Debug|Any CPU.ActiveCfg = Debug|Any CPU
		{DE08E397-D55F-4B6C-BCD7-5CB33059FCCD}.Debug|Any CPU.Build.0 = Debug|Any CPU
		{DE08E397-D55F-4B6C-BCD7-5CB33059FCCD}.Release|Any CPU.ActiveCfg = Release|Any CPU
		{DE08E397-D55F-4B6C-BCD7-5CB33059FCCD}.Release|Any CPU.Build.0 = Release|Any CPU
	EndGlobalSection
	GlobalSection(SolutionProperties) = preSolution
		HideSolutionNode = FALSE
	EndGlobalSection
	GlobalSection(ExtensibilityGlobals) = postSolution
		SolutionGuid = {06E9EEC1-97AA-47E6-B7B1-89C5B5E3B861}
	EndGlobalSection
EndGlobal
