
Microsoft Visual Studio Solution File, Format Version 12.00
# Visual Studio Version 17
VisualStudioVersion = 17.1.32210.238
MinimumVisualStudioVersion = 10.0.40219.1
Project("{9A19103F-16F7-4668-BE54-9A1E7A4F7556}") = "Session-06", "Calculator\Session-06.csproj", "{56A376D4-95D5-4970-9423-8B98BF8C74C9}"
EndProject
Project("{9A19103F-16F7-4668-BE54-9A1E7A4F7556}") = "Calculations", "Calculations\Calculations.csproj", "{A9AF72A0-0EC9-405B-9414-0E7F38466934}"
EndProject
Global
	GlobalSection(SolutionConfigurationPlatforms) = preSolution
		Debug|Any CPU = Debug|Any CPU
		Release|Any CPU = Release|Any CPU
	EndGlobalSection
	GlobalSection(ProjectConfigurationPlatforms) = postSolution
		{56A376D4-95D5-4970-9423-8B98BF8C74C9}.Debug|Any CPU.ActiveCfg = Debug|Any CPU
		{56A376D4-95D5-4970-9423-8B98BF8C74C9}.Debug|Any CPU.Build.0 = Debug|Any CPU
		{56A376D4-95D5-4970-9423-8B98BF8C74C9}.Release|Any CPU.ActiveCfg = Release|Any CPU
		{56A376D4-95D5-4970-9423-8B98BF8C74C9}.Release|Any CPU.Build.0 = Release|Any CPU
		{A9AF72A0-0EC9-405B-9414-0E7F38466934}.Debug|Any CPU.ActiveCfg = Debug|Any CPU
		{A9AF72A0-0EC9-405B-9414-0E7F38466934}.Debug|Any CPU.Build.0 = Debug|Any CPU
		{A9AF72A0-0EC9-405B-9414-0E7F38466934}.Release|Any CPU.ActiveCfg = Release|Any CPU
		{A9AF72A0-0EC9-405B-9414-0E7F38466934}.Release|Any CPU.Build.0 = Release|Any CPU
	EndGlobalSection
	GlobalSection(SolutionProperties) = preSolution
		HideSolutionNode = FALSE
	EndGlobalSection
	GlobalSection(ExtensibilityGlobals) = postSolution
		SolutionGuid = {AA9281F7-1AA2-47F1-B2AB-41BE58E22F0B}
	EndGlobalSection
EndGlobal
