
Microsoft Visual Studio Solution File, Format Version 12.00
# Visual Studio Version 17
VisualStudioVersion = 17.1.32210.238
MinimumVisualStudioVersion = 10.0.40219.1
Project("{FAE04EC0-301F-11D3-BF4B-00C04F79EFBC}") = "Session-03", "Session-03\Session-03.csproj", "{FEAE88C2-0A77-42C0-AAA8-E4EA41DE2F15}"
EndProject
Global
	GlobalSection(SolutionConfigurationPlatforms) = preSolution
		Debug|Any CPU = Debug|Any CPU
		Release|Any CPU = Release|Any CPU
	EndGlobalSection
	GlobalSection(ProjectConfigurationPlatforms) = postSolution
		{FEAE88C2-0A77-42C0-AAA8-E4EA41DE2F15}.Debug|Any CPU.ActiveCfg = Debug|Any CPU
		{FEAE88C2-0A77-42C0-AAA8-E4EA41DE2F15}.Debug|Any CPU.Build.0 = Debug|Any CPU
		{FEAE88C2-0A77-42C0-AAA8-E4EA41DE2F15}.Release|Any CPU.ActiveCfg = Release|Any CPU
		{FEAE88C2-0A77-42C0-AAA8-E4EA41DE2F15}.Release|Any CPU.Build.0 = Release|Any CPU
	EndGlobalSection
	GlobalSection(SolutionProperties) = preSolution
		HideSolutionNode = FALSE
	EndGlobalSection
	GlobalSection(ExtensibilityGlobals) = postSolution
		SolutionGuid = {5E5B9CB8-2D68-44F8-807B-35F5B25A8C9B}
	EndGlobalSection
EndGlobal
